{
	"name": "rime-language-server",
	"version": "1.0.0",
	"lockfileVersion": 1,
	"requires": true,
	"dependencies": {
		"agent-base": {
			"version": "4.3.0",
			"resolved": "https://registry.npm.taobao.org/agent-base/download/agent-base-4.3.0.tgz?cache=0&sync_timestamp=1593732670803&other_urls=https%3A%2F%2Fregistry.npm.taobao.org%2Fagent-base%2Fdownload%2Fagent-base-4.3.0.tgz",
			"integrity": "sha1-gWXwHENgCbzK0LHRIvBe13Dvxu4=",
			"requires": {
				"es6-promisify": "^5.0.0"
			}
		},
		"argparse": {
			"version": "1.0.10",
			"resolved": "https://registry.npm.taobao.org/argparse/download/argparse-1.0.10.tgz",
			"integrity": "sha1-vNZ5HqWuCXJeF+WtmIE0zUCz2RE=",
			"requires": {
				"sprintf-js": "~1.0.2"
			}
		},
		"debug": {
			"version": "3.1.0",
			"resolved": "https://registry.npm.taobao.org/debug/download/debug-3.1.0.tgz",
			"integrity": "sha1-W7WgZyYotkFJVmuhaBnmFRjGcmE=",
			"requires": {
				"ms": "2.0.0"
			}
		},
		"es6-promise": {
			"version": "4.2.8",
			"resolved": "https://registry.npm.taobao.org/es6-promise/download/es6-promise-4.2.8.tgz",
			"integrity": "sha1-TrIVlMlyvEBVPSduUQU5FD21Pgo="
		},
		"es6-promisify": {
			"version": "5.0.0",
			"resolved": "https://registry.npm.taobao.org/es6-promisify/download/es6-promisify-5.0.0.tgz",
			"integrity": "sha1-UQnWLz5W6pZ8S2NQWu8IKRyKUgM=",
			"requires": {
				"es6-promise": "^4.0.3"
			}
		},
		"esprima": {
			"version": "4.0.1",
			"resolved": "https://registry.npm.taobao.org/esprima/download/esprima-4.0.1.tgz",
			"integrity": "sha1-E7BM2z5sXRnfkatph6hpVhmwqnE="
		},
		"http-proxy-agent": {
			"version": "2.1.0",
			"resolved": "https://registry.npm.taobao.org/http-proxy-agent/download/http-proxy-agent-2.1.0.tgz",
			"integrity": "sha1-5IIb7vWyFCogJr1zkm/lN2McVAU=",
			"requires": {
				"agent-base": "4",
				"debug": "3.1.0"
			}
		},
		"https-proxy-agent": {
			"version": "2.2.4",
			"resolved": "https://registry.npm.taobao.org/https-proxy-agent/download/https-proxy-agent-2.2.4.tgz",
			"integrity": "sha1-TuenN6vZJniik9mzShr00NCMeHs=",
			"requires": {
				"agent-base": "^4.3.0",
				"debug": "^3.1.0"
			}
		},
		"js-yaml": {
			"version": "3.14.0",
			"resolved": "https://registry.npm.taobao.org/js-yaml/download/js-yaml-3.14.0.tgz",
			"integrity": "sha1-p6NBcPJqIbsWJCTYray0ETpp5II=",
			"requires": {
				"argparse": "^1.0.7",
				"esprima": "^4.0.0"
			}
		},
		"jsonc-parser": {
			"version": "2.3.0",
			"resolved": "https://registry.npm.taobao.org/jsonc-parser/download/jsonc-parser-2.3.0.tgz",
			"integrity": "sha1-fH/JiO4UhtNXNPqqqGb62wD6ke4="
		},
		"ms": {
			"version": "2.0.0",
			"resolved": "https://registry.npm.taobao.org/ms/download/ms-2.0.0.tgz",
			"integrity": "sha1-VgiurfwAvmwpAd9fmGF4jeDVl8g="
		},
		"prettier": {
			"version": "1.19.1",
			"resolved": "https://registry.npm.taobao.org/prettier/download/prettier-1.19.1.tgz",
			"integrity": "sha1-99f1/4qc2HKnvkyhQglZVqYHl8s=",
			"optional": true
		},
		"request-light": {
			"version": "0.2.5",
			"resolved": "https://registry.npm.taobao.org/request-light/download/request-light-0.2.5.tgz",
			"integrity": "sha1-OKPaey5W96+Mu6V+ipSTDuI4B0Y=",
			"requires": {
				"http-proxy-agent": "^2.1.0",
				"https-proxy-agent": "^2.2.3",
				"vscode-nls": "^4.1.1"
			}
		},
		"sprintf-js": {
			"version": "1.0.3",
			"resolved": "https://registry.npm.taobao.org/sprintf-js/download/sprintf-js-1.0.3.tgz",
			"integrity": "sha1-BOaSb2YolTVPPdAVIDYzuFcpfiw="
		},
		"vscode-json-languageservice": {
			"version": "3.8.0",
			"resolved": "https://registry.npm.taobao.org/vscode-json-languageservice/download/vscode-json-languageservice-3.8.0.tgz",
			"integrity": "sha1-x+coP5k+PbOfpVAUB7Ajrab9OuM=",
			"requires": {
				"jsonc-parser": "^2.2.1",
				"vscode-languageserver-textdocument": "^1.0.1",
				"vscode-languageserver-types": "^3.15.1",
				"vscode-nls": "^4.1.2",
				"vscode-uri": "^2.1.2"
			}
		},
		"vscode-jsonrpc": {
			"version": "5.0.1",
			"resolved": "https://registry.npm.taobao.org/vscode-jsonrpc/download/vscode-jsonrpc-5.0.1.tgz?cache=0&sync_timestamp=1596004930851&other_urls=https%3A%2F%2Fregistry.npm.taobao.org%2Fvscode-jsonrpc%2Fdownload%2Fvscode-jsonrpc-5.0.1.tgz",
			"integrity": "sha1-m6ucMw2J9D/IwehwK1w24FigF5Q="
		},
		"vscode-languageserver": {
			"version": "6.1.1",
			"resolved": "https://registry.npm.taobao.org/vscode-languageserver/download/vscode-languageserver-6.1.1.tgz?cache=0&sync_timestamp=1596001274058&other_urls=https%3A%2F%2Fregistry.npm.taobao.org%2Fvscode-languageserver%2Fdownload%2Fvscode-languageserver-6.1.1.tgz",
			"integrity": "sha1-12r8aBcsJ9QyfudDMrRo+8dA12I=",
			"requires": {
				"vscode-languageserver-protocol": "^3.15.3"
			}
		},
		"vscode-languageserver-protocol": {
			"version": "3.15.3",
			"resolved": "https://registry.npm.taobao.org/vscode-languageserver-protocol/download/vscode-languageserver-protocol-3.15.3.tgz?cache=0&sync_timestamp=1596005051505&other_urls=https%3A%2F%2Fregistry.npm.taobao.org%2Fvscode-languageserver-protocol%2Fdownload%2Fvscode-languageserver-protocol-3.15.3.tgz",
			"integrity": "sha1-P6mgcC10LPeIPLYYKmIS/NCh2Ls=",
			"requires": {
				"vscode-jsonrpc": "^5.0.1",
				"vscode-languageserver-types": "3.15.1"
			}
		},
		"vscode-languageserver-textdocument": {
			"version": "1.0.1",
			"resolved": "https://registry.npm.taobao.org/vscode-languageserver-textdocument/download/vscode-languageserver-textdocument-1.0.1.tgz",
			"integrity": "sha1-F4Fo6H761hcbNyrdHeo09T5dMw8="
		},
		"vscode-languageserver-types": {
			"version": "3.15.1",
			"resolved": "https://registry.npm.taobao.org/vscode-languageserver-types/download/vscode-languageserver-types-3.15.1.tgz?cache=0&sync_timestamp=1596005129715&other_urls=https%3A%2F%2Fregistry.npm.taobao.org%2Fvscode-languageserver-types%2Fdownload%2Fvscode-languageserver-types-3.15.1.tgz",
			"integrity": "sha1-F75x140vYjbUFPAAHOHvTSPmtt4="
		},
		"vscode-nls": {
			"version": "4.1.2",
			"resolved": "https://registry.npm.taobao.org/vscode-nls/download/vscode-nls-4.1.2.tgz",
			"integrity": "sha1-yov4u4KgmHsygB+f3f3S+5/TwWc="
		},
		"vscode-uri": {
			"version": "2.1.2",
			"resolved": "https://registry.npm.taobao.org/vscode-uri/download/vscode-uri-2.1.2.tgz",
			"integrity": "sha1-yNQN6T61evMfPHFd1lDiyiwJbxw="
		},
		"yaml-ast-parser-custom-tags": {
			"version": "0.0.43",
			"resolved": "https://registry.npm.taobao.org/yaml-ast-parser-custom-tags/download/yaml-ast-parser-custom-tags-0.0.43.tgz",
			"integrity": "sha1-RpaBRc5OJMsDwzEgV/DxQbk6fQI="
		},
		"yaml-language-server": {
			"version": "0.9.0",
			"resolved": "https://registry.npm.taobao.org/yaml-language-server/download/yaml-language-server-0.9.0.tgz",
			"integrity": "sha1-b3sAaN/RgliTINp9Nvet6Jf2xKA=",
			"requires": {
				"js-yaml": "^3.13.1",
				"jsonc-parser": "^2.2.1",
				"prettier": "^1.18.2",
				"request-light": "^0.2.4",
				"vscode-json-languageservice": "^3.6.0",
				"vscode-languageserver": "^5.2.1",
				"vscode-languageserver-types": "^3.15.1",
				"vscode-nls": "^4.1.2",
				"vscode-uri": "^2.1.1",
				"yaml-ast-parser-custom-tags": "0.0.43"
			},
			"dependencies": {
				"vscode-jsonrpc": {
					"version": "4.0.0",
					"resolved": "https://registry.npm.taobao.org/vscode-jsonrpc/download/vscode-jsonrpc-4.0.0.tgz?cache=0&sync_timestamp=1596004930851&other_urls=https%3A%2F%2Fregistry.npm.taobao.org%2Fvscode-jsonrpc%2Fdownload%2Fvscode-jsonrpc-4.0.0.tgz",
					"integrity": "sha1-p7907zJU0KDCcvqxXIISjjeLO+k="
				},
				"vscode-languageserver": {
					"version": "5.2.1",
					"resolved": "https://registry.npm.taobao.org/vscode-languageserver/download/vscode-languageserver-5.2.1.tgz?cache=0&sync_timestamp=1596001765060&other_urls=https%3A%2F%2Fregistry.npm.taobao.org%2Fvscode-languageserver%2Fdownload%2Fvscode-languageserver-5.2.1.tgz",
					"integrity": "sha1-DS/t3TP5Kq312jJFDfSY1S9vFOs=",
					"requires": {
						"vscode-languageserver-protocol": "3.14.1",
						"vscode-uri": "^1.0.6"
					},
					"dependencies": {
						"vscode-uri": {
							"version": "1.0.8",
							"resolved": "https://registry.npm.taobao.org/vscode-uri/download/vscode-uri-1.0.8.tgz",
							"integrity": "sha1-l2mq7OyuQCb7biI1nLOJRlgN7Vk="
						}
					}
				},
				"vscode-languageserver-protocol": {
					"version": "3.14.1",
					"resolved": "https://registry.npm.taobao.org/vscode-languageserver-protocol/download/vscode-languageserver-protocol-3.14.1.tgz?cache=0&sync_timestamp=1596005051505&other_urls=https%3A%2F%2Fregistry.npm.taobao.org%2Fvscode-languageserver-protocol%2Fdownload%2Fvscode-languageserver-protocol-3.14.1.tgz",
					"integrity": "sha1-uKq2r64oSchKiYPTmhz3QkF6/i8=",
					"requires": {
						"vscode-jsonrpc": "^4.0.0",
						"vscode-languageserver-types": "3.14.0"
					},
					"dependencies": {
						"vscode-languageserver-types": {
							"version": "3.14.0",
							"resolved": "https://registry.npm.taobao.org/vscode-languageserver-types/download/vscode-languageserver-types-3.14.0.tgz?cache=0&sync_timestamp=1596005129715&other_urls=https%3A%2F%2Fregistry.npm.taobao.org%2Fvscode-languageserver-types%2Fdownload%2Fvscode-languageserver-types-3.14.0.tgz",
							"integrity": "sha1-07WVIkbTDlJBWStt3oKA4DlC50M="
						}
					}
				}
			}
		}
	}
}
